version = 1
revision = 3
requires-python = ">=3.11"

[[package]]
name = "nuitka"
version = "2.7.13"
source = { registry = "https://pypi.org/simple" }
dependencies = [
    { name = "ordered-set" },
    { name = "zstandard" },
]
sdist = { url = "https://files.pythonhosted.org/packages/c0/73/8735d3464a0bf5cc074772514205e741dfa8d3f1f5fd765a3686ce7c8caa/Nuitka-2.7.13.tar.gz", hash = "sha256:941c6ee2321fea1d297b29669228939200640110be2a8b0bdedfcf6c3bc816b9", size = 3888165, upload-time = "2025-08-26T12:51:52.245Z" }

[[package]]
name = "ordered-set"
version = "4.1.0"
source = { registry = "https://pypi.org/simple" }
sdist = { url = "https://files.pythonhosted.org/packages/4c/ca/bfac8bc689799bcca4157e0e0ced07e70ce125193fc2e166d2e685b7e2fe/ordered-set-4.1.0.tar.gz", hash = "sha256:694a8e44c87657c59292ede72891eb91d34131f6531463aab3009191c77364a8", size = 12826, upload-time = "2022-01-26T14:38:56.6Z" }
wheels = [
    { url = "https://files.pythonhosted.org/packages/33/55/af02708f230eb77084a299d7b08175cff006dea4f2721074b92cdb0296c0/ordered_set-4.1.0-py3-none-any.whl", hash = "sha256:046e1132c71fcf3330438a539928932caf51ddbc582496833e23de611de14562", size = 7634, upload-time = "2022-01-26T14:38:48.677Z" },
]

[[package]]
name = "ruff"
version = "0.12.10"
source = { registry = "https://pypi.org/simple" }
sdist = { url = "https://files.pythonhosted.org/packages/3b/eb/8c073deb376e46ae767f4961390d17545e8535921d2f65101720ed8bd434/ruff-0.12.10.tar.gz", hash = "sha256:189ab65149d11ea69a2d775343adf5f49bb2426fc4780f65ee33b423ad2e47f9", size = 5310076, upload-time = "2025-08-21T18:23:22.595Z" }
wheels = [
    { url = "https://files.pythonhosted.org/packages/24/e7/560d049d15585d6c201f9eeacd2fd130def3741323e5ccf123786e0e3c95/ruff-0.12.10-py3-none-linux_armv6l.whl", hash = "sha256:8b593cb0fb55cc8692dac7b06deb29afda78c721c7ccfed22db941201b7b8f7b", size = 11935161, upload-time = "2025-08-21T18:22:26.965Z" },
    { url = "https://files.pythonhosted.org/packages/d1/b0/ad2464922a1113c365d12b8f80ed70fcfb39764288ac77c995156080488d/ruff-0.12.10-py3-none-macosx_10_12_x86_64.whl", hash = "sha256:ebb7333a45d56efc7c110a46a69a1b32365d5c5161e7244aaf3aa20ce62399c1", size = 12660884, upload-time = "2025-08-21T18:22:30.925Z" },
    { url = "https://files.pythonhosted.org/packages/d7/f1/97f509b4108d7bae16c48389f54f005b62ce86712120fd8b2d8e88a7cb49/ruff-0.12.10-py3-none-macosx_11_0_arm64.whl", hash = "sha256:d59e58586829f8e4a9920788f6efba97a13d1fa320b047814e8afede381c6839", size = 11872754, upload-time = "2025-08-21T18:22:34.035Z" },
    { url = "https://files.pythonhosted.org/packages/12/ad/44f606d243f744a75adc432275217296095101f83f966842063d78eee2d3/ruff-0.12.10-py3-none-manylinux_2_17_aarch64.manylinux2014_aarch64.whl", hash = "sha256:822d9677b560f1fdeab69b89d1f444bf5459da4aa04e06e766cf0121771ab844", size = 12092276, upload-time = "2025-08-21T18:22:36.764Z" },
    { url = "https://files.pythonhosted.org/packages/06/1f/ed6c265e199568010197909b25c896d66e4ef2c5e1c3808caf461f6f3579/ruff-0.12.10-py3-none-manylinux_2_17_armv7l.manylinux2014_armv7l.whl", hash = "sha256:37b4a64f4062a50c75019c61c7017ff598cb444984b638511f48539d3a1c98db", size = 11734700, upload-time = "2025-08-21T18:22:39.822Z" },
    { url = "https://files.pythonhosted.org/packages/63/c5/b21cde720f54a1d1db71538c0bc9b73dee4b563a7dd7d2e404914904d7f5/ruff-0.12.10-py3-none-manylinux_2_17_i686.manylinux2014_i686.whl", hash = "sha256:2c6f4064c69d2542029b2a61d39920c85240c39837599d7f2e32e80d36401d6e", size = 13468783, upload-time = "2025-08-21T18:22:42.559Z" },
    { url = "https://files.pythonhosted.org/packages/02/9e/39369e6ac7f2a1848f22fb0b00b690492f20811a1ac5c1fd1d2798329263/ruff-0.12.10-py3-none-manylinux_2_17_ppc64.manylinux2014_ppc64.whl", hash = "sha256:059e863ea3a9ade41407ad71c1de2badfbe01539117f38f763ba42a1206f7559", size = 14436642, upload-time = "2025-08-21T18:22:45.612Z" },
    { url = "https://files.pythonhosted.org/packages/e3/03/5da8cad4b0d5242a936eb203b58318016db44f5c5d351b07e3f5e211bb89/ruff-0.12.10-py3-none-manylinux_2_17_ppc64le.manylinux2014_ppc64le.whl", hash = "sha256:1bef6161e297c68908b7218fa6e0e93e99a286e5ed9653d4be71e687dff101cf", size = 13859107, upload-time = "2025-08-21T18:22:48.886Z" },
    { url = "https://files.pythonhosted.org/packages/19/19/dd7273b69bf7f93a070c9cec9494a94048325ad18fdcf50114f07e6bf417/ruff-0.12.10-py3-none-manylinux_2_17_s390x.manylinux2014_s390x.whl", hash = "sha256:4f1345fbf8fb0531cd722285b5f15af49b2932742fc96b633e883da8d841896b", size = 12886521, upload-time = "2025-08-21T18:22:51.567Z" },
    { url = "https://files.pythonhosted.org/packages/c0/1d/b4207ec35e7babaee62c462769e77457e26eb853fbdc877af29417033333/ruff-0.12.10-py3-none-manylinux_2_17_x86_64.manylinux2014_x86_64.whl", hash = "sha256:1f68433c4fbc63efbfa3ba5db31727db229fa4e61000f452c540474b03de52a9", size = 13097528, upload-time = "2025-08-21T18:22:54.609Z" },
    { url = "https://files.pythonhosted.org/packages/ff/00/58f7b873b21114456e880b75176af3490d7a2836033779ca42f50de3b47a/ruff-0.12.10-py3-none-manylinux_2_31_riscv64.whl", hash = "sha256:141ce3d88803c625257b8a6debf4a0473eb6eed9643a6189b68838b43e78165a", size = 13080443, upload-time = "2025-08-21T18:22:57.413Z" },
    { url = "https://files.pythonhosted.org/packages/12/8c/9e6660007fb10189ccb78a02b41691288038e51e4788bf49b0a60f740604/ruff-0.12.10-py3-none-musllinux_1_2_aarch64.whl", hash = "sha256:f3fc21178cd44c98142ae7590f42ddcb587b8e09a3b849cbc84edb62ee95de60", size = 11896759, upload-time = "2025-08-21T18:23:00.473Z" },
    { url = "https://files.pythonhosted.org/packages/67/4c/6d092bb99ea9ea6ebda817a0e7ad886f42a58b4501a7e27cd97371d0ba54/ruff-0.12.10-py3-none-musllinux_1_2_armv7l.whl", hash = "sha256:7d1a4e0bdfafcd2e3e235ecf50bf0176f74dd37902f241588ae1f6c827a36c56", size = 11701463, upload-time = "2025-08-21T18:23:03.211Z" },
    { url = "https://files.pythonhosted.org/packages/59/80/d982c55e91df981f3ab62559371380616c57ffd0172d96850280c2b04fa8/ruff-0.12.10-py3-none-musllinux_1_2_i686.whl", hash = "sha256:e67d96827854f50b9e3e8327b031647e7bcc090dbe7bb11101a81a3a2cbf1cc9", size = 12691603, upload-time = "2025-08-21T18:23:06.935Z" },
    { url = "https://files.pythonhosted.org/packages/ad/37/63a9c788bbe0b0850611669ec6b8589838faf2f4f959647f2d3e320383ae/ruff-0.12.10-py3-none-musllinux_1_2_x86_64.whl", hash = "sha256:ae479e1a18b439c59138f066ae79cc0f3ee250712a873d00dbafadaad9481e5b", size = 13164356, upload-time = "2025-08-21T18:23:10.225Z" },
    { url = "https://files.pythonhosted.org/packages/47/d4/1aaa7fb201a74181989970ebccd12f88c0fc074777027e2a21de5a90657e/ruff-0.12.10-py3-none-win32.whl", hash = "sha256:9de785e95dc2f09846c5e6e1d3a3d32ecd0b283a979898ad427a9be7be22b266", size = 11896089, upload-time = "2025-08-21T18:23:14.232Z" },
    { url = "https://files.pythonhosted.org/packages/ad/14/2ad38fd4037daab9e023456a4a40ed0154e9971f8d6aed41bdea390aabd9/ruff-0.12.10-py3-none-win_amd64.whl", hash = "sha256:7837eca8787f076f67aba2ca559cefd9c5cbc3a9852fd66186f4201b87c1563e", size = 13004616, upload-time = "2025-08-21T18:23:17.422Z" },
    { url = "https://files.pythonhosted.org/packages/24/3c/21cf283d67af33a8e6ed242396863af195a8a6134ec581524fd22b9811b6/ruff-0.12.10-py3-none-win_arm64.whl", hash = "sha256:cc138cc06ed9d4bfa9d667a65af7172b47840e1a98b02ce7011c391e54635ffc", size = 12074225, upload-time = "2025-08-21T18:23:20.137Z" },
]

[[package]]
name = "xum"
version = "0.3.0"
source = { virtual = "." }

[package.dev-dependencies]
dev = [
    { name = "nuitka" },
    { name = "ruff" },
]

[package.metadata]

[package.metadata.requires-dev]
dev = [
    { name = "nuitka", specifier = ">=2.7.13" },
    { name = "ruff", specifier = ">=0.12.10" },
]

[[package]]
name = "zstandard"
version = "0.24.0"
source = { registry = "https://pypi.org/simple" }
sdist = { url = "https://files.pythonhosted.org/packages/09/1b/c20b2ef1d987627765dcd5bf1dadb8ef6564f00a87972635099bb76b7a05/zstandard-0.24.0.tar.gz", hash = "sha256:fe3198b81c00032326342d973e526803f183f97aa9e9a98e3f897ebafe21178f", size = 905681, upload-time = "2025-08-17T18:36:36.352Z" }
wheels = [
    { url = "https://files.pythonhosted.org/packages/01/1f/5c72806f76043c0ef9191a2b65281dacdf3b65b0828eb13bb2c987c4fb90/zstandard-0.24.0-cp311-cp311-macosx_10_9_x86_64.whl", hash = "sha256:addfc23e3bd5f4b6787b9ca95b2d09a1a67ad5a3c318daaa783ff90b2d3a366e", size = 795228, upload-time = "2025-08-17T18:21:46.978Z" },
    { url = "https://files.pythonhosted.org/packages/0b/ba/3059bd5cd834666a789251d14417621b5c61233bd46e7d9023ea8bc1043a/zstandard-0.24.0-cp311-cp311-macosx_11_0_arm64.whl", hash = "sha256:6b005bcee4be9c3984b355336283afe77b2defa76ed6b89332eced7b6fa68b68", size = 640520, upload-time = "2025-08-17T18:21:48.162Z" },
    { url = "https://files.pythonhosted.org/packages/57/07/f0e632bf783f915c1fdd0bf68614c4764cae9dd46ba32cbae4dd659592c3/zstandard-0.24.0-cp311-cp311-manylinux2010_i686.manylinux2014_i686.manylinux_2_12_i686.manylinux_2_17_i686.whl", hash = "sha256:3f96a9130171e01dbb6c3d4d9925d604e2131a97f540e223b88ba45daf56d6fb", size = 5347682, upload-time = "2025-08-17T18:21:50.266Z" },
    { url = "https://files.pythonhosted.org/packages/a6/4c/63523169fe84773a7462cd090b0989cb7c7a7f2a8b0a5fbf00009ba7d74d/zstandard-0.24.0-cp311-cp311-manylinux2014_aarch64.manylinux_2_17_aarch64.whl", hash = "sha256:cd0d3d16e63873253bad22b413ec679cf6586e51b5772eb10733899832efec42", size = 5057650, upload-time = "2025-08-17T18:21:52.634Z" },
    { url = "https://files.pythonhosted.org/packages/c6/16/49013f7ef80293f5cebf4c4229535a9f4c9416bbfd238560edc579815dbe/zstandard-0.24.0-cp311-cp311-manylinux2014_ppc64le.manylinux_2_17_ppc64le.whl", hash = "sha256:b7a8c30d9bf4bd5e4dcfe26900bef0fcd9749acde45cdf0b3c89e2052fda9a13", size = 5404893, upload-time = "2025-08-17T18:21:54.54Z" },
    { url = "https://files.pythonhosted.org/packages/4d/38/78e8bcb5fc32a63b055f2b99e0be49b506f2351d0180173674f516cf8a7a/zstandard-0.24.0-cp311-cp311-manylinux2014_s390x.manylinux_2_17_s390x.whl", hash = "sha256:52cd7d9fa0a115c9446abb79b06a47171b7d916c35c10e0c3aa6f01d57561382", size = 5452389, upload-time = "2025-08-17T18:21:56.822Z" },
    { url = "https://files.pythonhosted.org/packages/55/8a/81671f05619edbacd49bd84ce6899a09fc8299be20c09ae92f6618ccb92d/zstandard-0.24.0-cp311-cp311-manylinux2014_x86_64.manylinux_2_17_x86_64.whl", hash = "sha256:a0f6fc2ea6e07e20df48752e7700e02e1892c61f9a6bfbacaf2c5b24d5ad504b", size = 5558888, upload-time = "2025-08-17T18:21:58.68Z" },
    { url = "https://files.pythonhosted.org/packages/49/cc/e83feb2d7d22d1f88434defbaeb6e5e91f42a4f607b5d4d2d58912b69d67/zstandard-0.24.0-cp311-cp311-musllinux_1_1_aarch64.whl", hash = "sha256:e46eb6702691b24ddb3e31e88b4a499e31506991db3d3724a85bd1c5fc3cfe4e", size = 5048038, upload-time = "2025-08-17T18:22:00.642Z" },
    { url = "https://files.pythonhosted.org/packages/08/c3/7a5c57ff49ef8943877f85c23368c104c2aea510abb339a2dc31ad0a27c3/zstandard-0.24.0-cp311-cp311-musllinux_1_1_x86_64.whl", hash = "sha256:d5e3b9310fd7f0d12edc75532cd9a56da6293840c84da90070d692e0bb15f186", size = 5573833, upload-time = "2025-08-17T18:22:02.402Z" },
    { url = "https://files.pythonhosted.org/packages/f9/00/64519983cd92535ba4bdd4ac26ac52db00040a52d6c4efb8d1764abcc343/zstandard-0.24.0-cp311-cp311-musllinux_1_2_aarch64.whl", hash = "sha256:76cdfe7f920738ea871f035568f82bad3328cbc8d98f1f6988264096b5264efd", size = 4961072, upload-time = "2025-08-17T18:22:04.384Z" },
    { url = "https://files.pythonhosted.org/packages/72/ab/3a08a43067387d22994fc87c3113636aa34ccd2914a4d2d188ce365c5d85/zstandard-0.24.0-cp311-cp311-musllinux_1_2_i686.whl", hash = "sha256:3f2fe35ec84908dddf0fbf66b35d7c2878dbe349552dd52e005c755d3493d61c", size = 5268462, upload-time = "2025-08-17T18:22:06.095Z" },
    { url = "https://files.pythonhosted.org/packages/49/cf/2abb3a1ad85aebe18c53e7eca73223f1546ddfa3bf4d2fb83fc5a064c5ca/zstandard-0.24.0-cp311-cp311-musllinux_1_2_ppc64le.whl", hash = "sha256:aa705beb74ab116563f4ce784fa94771f230c05d09ab5de9c397793e725bb1db", size = 5443319, upload-time = "2025-08-17T18:22:08.572Z" },
    { url = "https://files.pythonhosted.org/packages/40/42/0dd59fc2f68f1664cda11c3b26abdf987f4e57cb6b6b0f329520cd074552/zstandard-0.24.0-cp311-cp311-musllinux_1_2_s390x.whl", hash = "sha256:aadf32c389bb7f02b8ec5c243c38302b92c006da565e120dfcb7bf0378f4f848", size = 5822355, upload-time = "2025-08-17T18:22:10.537Z" },
    { url = "https://files.pythonhosted.org/packages/99/c0/ea4e640fd4f7d58d6f87a1e7aca11fb886ac24db277fbbb879336c912f63/zstandard-0.24.0-cp311-cp311-musllinux_1_2_x86_64.whl", hash = "sha256:e40cd0fc734aa1d4bd0e7ad102fd2a1aefa50ce9ef570005ffc2273c5442ddc3", size = 5365257, upload-time = "2025-08-17T18:22:13.159Z" },
    { url = "https://files.pythonhosted.org/packages/27/a9/92da42a5c4e7e4003271f2e1f0efd1f37cfd565d763ad3604e9597980a1c/zstandard-0.24.0-cp311-cp311-win32.whl", hash = "sha256:cda61c46343809ecda43dc620d1333dd7433a25d0a252f2dcc7667f6331c7b61", size = 435559, upload-time = "2025-08-17T18:22:17.29Z" },
    { url = "https://files.pythonhosted.org/packages/e2/8e/2c8e5c681ae4937c007938f954a060fa7c74f36273b289cabdb5ef0e9a7e/zstandard-0.24.0-cp311-cp311-win_amd64.whl", hash = "sha256:3b95fc06489aa9388400d1aab01a83652bc040c9c087bd732eb214909d7fb0dd", size = 505070, upload-time = "2025-08-17T18:22:14.808Z" },
    { url = "https://files.pythonhosted.org/packages/52/10/a2f27a66bec75e236b575c9f7b0d7d37004a03aa2dcde8e2decbe9ed7b4d/zstandard-0.24.0-cp311-cp311-win_arm64.whl", hash = "sha256:ad9fd176ff6800a0cf52bcf59c71e5de4fa25bf3ba62b58800e0f84885344d34", size = 461507, upload-time = "2025-08-17T18:22:15.964Z" },
    { url = "https://files.pythonhosted.org/packages/26/e9/0bd281d9154bba7fc421a291e263911e1d69d6951aa80955b992a48289f6/zstandard-0.24.0-cp312-cp312-macosx_10_13_x86_64.whl", hash = "sha256:a2bda8f2790add22773ee7a4e43c90ea05598bffc94c21c40ae0a9000b0133c3", size = 795710, upload-time = "2025-08-17T18:22:19.189Z" },
    { url = "https://files.pythonhosted.org/packages/36/26/b250a2eef515caf492e2d86732e75240cdac9d92b04383722b9753590c36/zstandard-0.24.0-cp312-cp312-macosx_11_0_arm64.whl", hash = "sha256:cc76de75300f65b8eb574d855c12518dc25a075dadb41dd18f6322bda3fe15d5", size = 640336, upload-time = "2025-08-17T18:22:20.466Z" },
    { url = "https://files.pythonhosted.org/packages/79/bf/3ba6b522306d9bf097aac8547556b98a4f753dc807a170becaf30dcd6f01/zstandard-0.24.0-cp312-cp312-manylinux2010_i686.manylinux2014_i686.manylinux_2_12_i686.manylinux_2_17_i686.whl", hash = "sha256:d2b3b4bda1a025b10fe0269369475f420177f2cb06e0f9d32c95b4873c9f80b8", size = 5342533, upload-time = "2025-08-17T18:22:22.326Z" },
    { url = "https://files.pythonhosted.org/packages/ea/ec/22bc75bf054e25accdf8e928bc68ab36b4466809729c554ff3a1c1c8bce6/zstandard-0.24.0-cp312-cp312-manylinux2014_aarch64.manylinux_2_17_aarch64.whl", hash = "sha256:9b84c6c210684286e504022d11ec294d2b7922d66c823e87575d8b23eba7c81f", size = 5062837, upload-time = "2025-08-17T18:22:24.416Z" },
    { url = "https://files.pythonhosted.org/packages/48/cc/33edfc9d286e517fb5b51d9c3210e5bcfce578d02a675f994308ca587ae1/zstandard-0.24.0-cp312-cp312-manylinux2014_ppc64le.manylinux_2_17_ppc64le.whl", hash = "sha256:c59740682a686bf835a1a4d8d0ed1eefe31ac07f1c5a7ed5f2e72cf577692b00", size = 5393855, upload-time = "2025-08-17T18:22:26.786Z" },
    { url = "https://files.pythonhosted.org/packages/73/36/59254e9b29da6215fb3a717812bf87192d89f190f23817d88cb8868c47ac/zstandard-0.24.0-cp312-cp312-manylinux2014_s390x.manylinux_2_17_s390x.whl", hash = "sha256:6324fde5cf5120fbf6541d5ff3c86011ec056e8d0f915d8e7822926a5377193a", size = 5451058, upload-time = "2025-08-17T18:22:28.885Z" },
    { url = "https://files.pythonhosted.org/packages/9a/c7/31674cb2168b741bbbe71ce37dd397c9c671e73349d88ad3bca9e9fae25b/zstandard-0.24.0-cp312-cp312-manylinux2014_x86_64.manylinux_2_17_x86_64.whl", hash = "sha256:51a86bd963de3f36688553926a84e550d45d7f9745bd1947d79472eca27fcc75", size = 5546619, upload-time = "2025-08-17T18:22:31.115Z" },
    { url = "https://files.pythonhosted.org/packages/e6/01/1a9f22239f08c00c156f2266db857545ece66a6fc0303d45c298564bc20b/zstandard-0.24.0-cp312-cp312-musllinux_1_1_aarch64.whl", hash = "sha256:d82ac87017b734f2fb70ff93818c66f0ad2c3810f61040f077ed38d924e19980", size = 5046676, upload-time = "2025-08-17T18:22:33.077Z" },
    { url = "https://files.pythonhosted.org/packages/a7/91/6c0cf8fa143a4988a0361380ac2ef0d7cb98a374704b389fbc38b5891712/zstandard-0.24.0-cp312-cp312-musllinux_1_1_x86_64.whl", hash = "sha256:92ea7855d5bcfb386c34557516c73753435fb2d4a014e2c9343b5f5ba148b5d8", size = 5576381, upload-time = "2025-08-17T18:22:35.391Z" },
    { url = "https://files.pythonhosted.org/packages/e2/77/1526080e22e78871e786ccf3c84bf5cec9ed25110a9585507d3c551da3d6/zstandard-0.24.0-cp312-cp312-musllinux_1_2_aarch64.whl", hash = "sha256:3adb4b5414febf074800d264ddf69ecade8c658837a83a19e8ab820e924c9933", size = 4953403, upload-time = "2025-08-17T18:22:37.266Z" },
    { url = "https://files.pythonhosted.org/packages/6e/d0/a3a833930bff01eab697eb8abeafb0ab068438771fa066558d96d7dafbf9/zstandard-0.24.0-cp312-cp312-musllinux_1_2_i686.whl", hash = "sha256:6374feaf347e6b83ec13cc5dcfa70076f06d8f7ecd46cc71d58fac798ff08b76", size = 5267396, upload-time = "2025-08-17T18:22:39.757Z" },
    { url = "https://files.pythonhosted.org/packages/f3/5e/90a0db9a61cd4769c06374297ecfcbbf66654f74cec89392519deba64d76/zstandard-0.24.0-cp312-cp312-musllinux_1_2_ppc64le.whl", hash = "sha256:13fc548e214df08d896ee5f29e1f91ee35db14f733fef8eabea8dca6e451d1e2", size = 5433269, upload-time = "2025-08-17T18:22:42.131Z" },
    { url = "https://files.pythonhosted.org/packages/ce/58/fc6a71060dd67c26a9c5566e0d7c99248cbe5abfda6b3b65b8f1a28d59f7/zstandard-0.24.0-cp312-cp312-musllinux_1_2_s390x.whl", hash = "sha256:0a416814608610abf5488889c74e43ffa0343ca6cf43957c6b6ec526212422da", size = 5814203, upload-time = "2025-08-17T18:22:44.017Z" },
    { url = "https://files.pythonhosted.org/packages/5c/6a/89573d4393e3ecbfa425d9a4e391027f58d7810dec5cdb13a26e4cdeef5c/zstandard-0.24.0-cp312-cp312-musllinux_1_2_x86_64.whl", hash = "sha256:0d66da2649bb0af4471699aeb7a83d6f59ae30236fb9f6b5d20fb618ef6c6777", size = 5359622, upload-time = "2025-08-17T18:22:45.802Z" },
    { url = "https://files.pythonhosted.org/packages/60/ff/2cbab815d6f02a53a9d8d8703bc727d8408a2e508143ca9af6c3cca2054b/zstandard-0.24.0-cp312-cp312-win32.whl", hash = "sha256:ff19efaa33e7f136fe95f9bbcc90ab7fb60648453b03f95d1de3ab6997de0f32", size = 435968, upload-time = "2025-08-17T18:22:49.493Z" },
    { url = "https://files.pythonhosted.org/packages/ce/a3/8f96b8ddb7ad12344218fbd0fd2805702dafd126ae9f8a1fb91eef7b33da/zstandard-0.24.0-cp312-cp312-win_amd64.whl", hash = "sha256:bc05f8a875eb651d1cc62e12a4a0e6afa5cd0cc231381adb830d2e9c196ea895", size = 505195, upload-time = "2025-08-17T18:22:47.193Z" },
    { url = "https://files.pythonhosted.org/packages/a3/4a/bfca20679da63bfc236634ef2e4b1b4254203098b0170e3511fee781351f/zstandard-0.24.0-cp312-cp312-win_arm64.whl", hash = "sha256:b04c94718f7a8ed7cdd01b162b6caa1954b3c9d486f00ecbbd300f149d2b2606", size = 461605, upload-time = "2025-08-17T18:22:48.317Z" },
    { url = "https://files.pythonhosted.org/packages/ec/ef/db949de3bf81ed122b8ee4db6a8d147a136fe070e1015f5a60d8a3966748/zstandard-0.24.0-cp313-cp313-macosx_10_13_x86_64.whl", hash = "sha256:e4ebb000c0fe24a6d0f3534b6256844d9dbf042fdf003efe5cf40690cf4e0f3e", size = 795700, upload-time = "2025-08-17T18:22:50.851Z" },
    { url = "https://files.pythonhosted.org/packages/99/56/fc04395d6f5eabd2fe6d86c0800d198969f3038385cb918bfbe94f2b0c62/zstandard-0.24.0-cp313-cp313-macosx_11_0_arm64.whl", hash = "sha256:498f88f5109666c19531f0243a90d2fdd2252839cd6c8cc6e9213a3446670fa8", size = 640343, upload-time = "2025-08-17T18:22:51.999Z" },
    { url = "https://files.pythonhosted.org/packages/9b/0f/0b0e0d55f2f051d5117a0d62f4f9a8741b3647440c0ee1806b7bd47ed5ae/zstandard-0.24.0-cp313-cp313-manylinux2010_i686.manylinux2014_i686.manylinux_2_12_i686.manylinux_2_17_i686.whl", hash = "sha256:0a9e95ceb180ccd12a8b3437bac7e8a8a089c9094e39522900a8917745542184", size = 5342571, upload-time = "2025-08-17T18:22:53.734Z" },
    { url = "https://files.pythonhosted.org/packages/5d/43/d74e49f04fbd62d4b5d89aeb7a29d693fc637c60238f820cd5afe6ca8180/zstandard-0.24.0-cp313-cp313-manylinux2014_aarch64.manylinux_2_17_aarch64.whl", hash = "sha256:bcf69e0bcddbf2adcfafc1a7e864edcc204dd8171756d3a8f3340f6f6cc87b7b", size = 5062723, upload-time = "2025-08-17T18:22:55.624Z" },
    { url = "https://files.pythonhosted.org/packages/8e/97/df14384d4d6a004388e6ed07ded02933b5c7e0833a9150c57d0abc9545b7/zstandard-0.24.0-cp313-cp313-manylinux2014_ppc64le.manylinux_2_17_ppc64le.whl", hash = "sha256:10e284748a7e7fbe2815ca62a9d6e84497d34cfdd0143fa9e8e208efa808d7c4", size = 5393282, upload-time = "2025-08-17T18:22:57.655Z" },
    { url = "https://files.pythonhosted.org/packages/7e/09/8f5c520e59a4d41591b30b7568595eda6fd71c08701bb316d15b7ed0613a/zstandard-0.24.0-cp313-cp313-manylinux2014_s390x.manylinux_2_17_s390x.whl", hash = "sha256:1bda8a85e5b9d5e73af2e61b23609a8cc1598c1b3b2473969912979205a1ff25", size = 5450895, upload-time = "2025-08-17T18:22:59.749Z" },
    { url = "https://files.pythonhosted.org/packages/d9/3d/02aba892327a67ead8cba160ee835cfa1fc292a9dcb763639e30c07da58b/zstandard-0.24.0-cp313-cp313-manylinux2014_x86_64.manylinux_2_17_x86_64.whl", hash = "sha256:1b14bc92af065d0534856bf1b30fc48753163ea673da98857ea4932be62079b1", size = 5546353, upload-time = "2025-08-17T18:23:01.457Z" },
    { url = "https://files.pythonhosted.org/packages/6a/6e/96c52afcde44da6a5313a1f6c356349792079808f12d8b69a7d1d98ef353/zstandard-0.24.0-cp313-cp313-musllinux_1_1_aarch64.whl", hash = "sha256:b4f20417a4f511c656762b001ec827500cbee54d1810253c6ca2df2c0a307a5f", size = 5046404, upload-time = "2025-08-17T18:23:03.418Z" },
    { url = "https://files.pythonhosted.org/packages/da/b6/eefee6b92d341a7db7cd1b3885d42d30476a093720fb5c181e35b236d695/zstandard-0.24.0-cp313-cp313-musllinux_1_1_x86_64.whl", hash = "sha256:337572a7340e1d92fd7fb5248c8300d0e91071002d92e0b8cabe8d9ae7b58159", size = 5576095, upload-time = "2025-08-17T18:23:05.331Z" },
    { url = "https://files.pythonhosted.org/packages/a3/29/743de3131f6239ba6611e17199581e6b5e0f03f268924d42468e29468ca0/zstandard-0.24.0-cp313-cp313-musllinux_1_2_aarch64.whl", hash = "sha256:df4be1cf6e8f0f2bbe2a3eabfff163ef592c84a40e1a20a8d7db7f27cfe08fc2", size = 4953448, upload-time = "2025-08-17T18:23:07.225Z" },
    { url = "https://files.pythonhosted.org/packages/c9/11/bd36ef49fba82e307d69d93b5abbdcdc47d6a0bcbc7ffbbfe0ef74c2fec5/zstandard-0.24.0-cp313-cp313-musllinux_1_2_i686.whl", hash = "sha256:6885ae4b33aee8835dbdb4249d3dfec09af55e705d74d9b660bfb9da51baaa8b", size = 5267388, upload-time = "2025-08-17T18:23:09.127Z" },
    { url = "https://files.pythonhosted.org/packages/c0/23/a4cfe1b871d3f1ce1f88f5c68d7e922e94be0043f3ae5ed58c11578d1e21/zstandard-0.24.0-cp313-cp313-musllinux_1_2_ppc64le.whl", hash = "sha256:663848a8bac4fdbba27feea2926049fdf7b55ec545d5b9aea096ef21e7f0b079", size = 5433383, upload-time = "2025-08-17T18:23:11.343Z" },
    { url = "https://files.pythonhosted.org/packages/77/26/f3fb85f00e732cca617d4b9cd1ffa6484f613ea07fad872a8bdc3a0ce753/zstandard-0.24.0-cp313-cp313-musllinux_1_2_s390x.whl", hash = "sha256:05d27c953f2e0a3ecc8edbe91d6827736acc4c04d0479672e0400ccdb23d818c", size = 5813988, upload-time = "2025-08-17T18:23:13.194Z" },
    { url = "https://files.pythonhosted.org/packages/3d/8c/d7e3b424b73f3ce66e754595cbcb6d94ff49790c9ac37d50e40e8145cd44/zstandard-0.24.0-cp313-cp313-musllinux_1_2_x86_64.whl", hash = "sha256:77b8b7b98893eaf47da03d262816f01f251c2aa059c063ed8a45c50eada123a5", size = 5359756, upload-time = "2025-08-17T18:23:15.021Z" },
    { url = "https://files.pythonhosted.org/packages/90/6c/f1f0e11f1b295138f9da7e7ae22dcd9a1bb96a9544fa3b31507e431288f5/zstandard-0.24.0-cp313-cp313-win32.whl", hash = "sha256:cf7fbb4e54136e9a03c7ed7691843c4df6d2ecc854a2541f840665f4f2bb2edd", size = 435957, upload-time = "2025-08-17T18:23:18.835Z" },
    { url = "https://files.pythonhosted.org/packages/9f/03/ab8b82ae5eb49eca4d3662705399c44442666cc1ce45f44f2d263bb1ae31/zstandard-0.24.0-cp313-cp313-win_amd64.whl", hash = "sha256:d64899cc0f33a8f446f1e60bffc21fa88b99f0e8208750d9144ea717610a80ce", size = 505171, upload-time = "2025-08-17T18:23:16.44Z" },
    { url = "https://files.pythonhosted.org/packages/db/12/89a2ecdea4bc73a934a30b66a7cfac5af352beac94d46cf289e103b65c34/zstandard-0.24.0-cp313-cp313-win_arm64.whl", hash = "sha256:57be3abb4313e0dd625596376bbb607f40059d801d51c1a1da94d7477e63b255", size = 461596, upload-time = "2025-08-17T18:23:17.603Z" },
    { url = "https://files.pythonhosted.org/packages/c9/56/f3d2c4d64aacee4aab89e788783636884786b6f8334c819f09bff1aa207b/zstandard-0.24.0-cp314-cp314-macosx_10_13_x86_64.whl", hash = "sha256:b7fa260dd2731afd0dfa47881c30239f422d00faee4b8b341d3e597cface1483", size = 795747, upload-time = "2025-08-17T18:23:19.968Z" },
    { url = "https://files.pythonhosted.org/packages/32/2d/9d3e5f6627e4cb5e511803788be1feee2f0c3b94594591e92b81db324253/zstandard-0.24.0-cp314-cp314-macosx_11_0_arm64.whl", hash = "sha256:e05d66239d14a04b4717998b736a25494372b1b2409339b04bf42aa4663bf251", size = 640475, upload-time = "2025-08-17T18:23:21.5Z" },
    { url = "https://files.pythonhosted.org/packages/be/5d/48e66abf8c146d95330e5385633a8cfdd556fa8bd14856fe721590cbab2b/zstandard-0.24.0-cp314-cp314-manylinux2010_i686.manylinux2014_i686.manylinux_2_12_i686.manylinux_2_17_i686.whl", hash = "sha256:622e1e04bd8a085994e02313ba06fbcf4f9ed9a488c6a77a8dbc0692abab6a38", size = 5343866, upload-time = "2025-08-17T18:23:23.351Z" },
    { url = "https://files.pythonhosted.org/packages/95/6c/65fe7ba71220a551e082e4a52790487f1d6bb8dfc2156883e088f975ad6d/zstandard-0.24.0-cp314-cp314-manylinux2014_aarch64.manylinux_2_17_aarch64.whl", hash = "sha256:55872e818598319f065e8192ebefecd6ac05f62a43f055ed71884b0a26218f41", size = 5062719, upload-time = "2025-08-17T18:23:25.192Z" },
    { url = "https://files.pythonhosted.org/packages/cb/68/15ed0a813ff91be80cc2a610ac42e0fc8d29daa737de247bbf4bab9429a1/zstandard-0.24.0-cp314-cp314-manylinux2014_ppc64le.manylinux_2_17_ppc64le.whl", hash = "sha256:bb2446a55b3a0fd8aa02aa7194bd64740015464a2daaf160d2025204e1d7c282", size = 5393090, upload-time = "2025-08-17T18:23:27.145Z" },
    { url = "https://files.pythonhosted.org/packages/d4/89/e560427b74fa2da6a12b8f3af8ee29104fe2bb069a25e7d314c35eec7732/zstandard-0.24.0-cp314-cp314-manylinux2014_s390x.manylinux_2_17_s390x.whl", hash = "sha256:2825a3951f945fb2613ded0f517d402b1e5a68e87e0ee65f5bd224a8333a9a46", size = 5450383, upload-time = "2025-08-17T18:23:29.044Z" },
    { url = "https://files.pythonhosted.org/packages/a3/95/0498328cbb1693885509f2fc145402b108b750a87a3af65b7250b10bd896/zstandard-0.24.0-cp314-cp314-manylinux2014_x86_64.manylinux_2_17_x86_64.whl", hash = "sha256:09887301001e7a81a3618156bc1759e48588de24bddfdd5b7a4364da9a8fbc20", size = 5546142, upload-time = "2025-08-17T18:23:31.281Z" },
    { url = "https://files.pythonhosted.org/packages/8a/8a/64aa15a726594df3bf5d8decfec14fe20cd788c60890f44fcfc74d98c2cc/zstandard-0.24.0-cp314-cp314-musllinux_1_2_aarch64.whl", hash = "sha256:98ca91dc9602cf351497d5600aa66e6d011a38c085a8237b370433fcb53e3409", size = 4953456, upload-time = "2025-08-17T18:23:33.234Z" },
    { url = "https://files.pythonhosted.org/packages/b0/b6/e94879c5cd6017af57bcba08519ed1228b1ebb15681efd949f4a00199449/zstandard-0.24.0-cp314-cp314-musllinux_1_2_i686.whl", hash = "sha256:e69f8e534b4e254f523e2f9d4732cf9c169c327ca1ce0922682aac9a5ee01155", size = 5268287, upload-time = "2025-08-17T18:23:35.145Z" },
    { url = "https://files.pythonhosted.org/packages/fd/e5/1a3b3a93f953dbe9e77e2a19be146e9cd2af31b67b1419d6cc8e8898d409/zstandard-0.24.0-cp314-cp314-musllinux_1_2_ppc64le.whl", hash = "sha256:444633b487a711e34f4bccc46a0c5dfbe1aee82c1a511e58cdc16f6bd66f187c", size = 5433197, upload-time = "2025-08-17T18:23:36.969Z" },
    { url = "https://files.pythonhosted.org/packages/39/83/b6eb1e1181de994b29804e1e0d2dc677bece4177f588c71653093cb4f6d5/zstandard-0.24.0-cp314-cp314-musllinux_1_2_s390x.whl", hash = "sha256:f7d3fe9e1483171e9183ffdb1fab07c5fef80a9c3840374a38ec2ab869ebae20", size = 5813161, upload-time = "2025-08-17T18:23:38.812Z" },
    { url = "https://files.pythonhosted.org/packages/f6/d3/2fb4166561591e9d75e8e35c79182aa9456644e2f4536f29e51216d1c513/zstandard-0.24.0-cp314-cp314-musllinux_1_2_x86_64.whl", hash = "sha256:27b6fa72b57824a3f7901fc9cc4ce1c1c834b28f3a43d1d4254c64c8f11149d4", size = 5359831, upload-time = "2025-08-17T18:23:41.162Z" },
    { url = "https://files.pythonhosted.org/packages/11/94/6a9227315b774f64a67445f62152c69b4e5e49a52a3c7c4dad8520a55e20/zstandard-0.24.0-cp314-cp314-win32.whl", hash = "sha256:fdc7a52a4cdaf7293e10813fd6a3abc0c7753660db12a3b864ab1fb5a0c60c16", size = 444448, upload-time = "2025-08-17T18:23:45.151Z" },
    { url = "https://files.pythonhosted.org/packages/fc/de/67acaba311013e0798cb96d1a2685cb6edcdfc1cae378b297ea7b02c319f/zstandard-0.24.0-cp314-cp314-win_amd64.whl", hash = "sha256:656ed895b28c7e42dd5b40dfcea3217cfc166b6b7eef88c3da2f5fc62484035b", size = 516075, upload-time = "2025-08-17T18:23:42.8Z" },
    { url = "https://files.pythonhosted.org/packages/10/ae/45fd8921263cea0228b20aa31bce47cc66016b2aba1afae1c6adcc3dbb1f/zstandard-0.24.0-cp314-cp314-win_arm64.whl", hash = "sha256:0101f835da7de08375f380192ff75135527e46e3f79bef224e3c49cb640fef6a", size = 476847, upload-time = "2025-08-17T18:23:43.892Z" },
]
